
Microsoft Visual Studio Solution File, Format Version 12.00
# Visual Studio 15
VisualStudioVersion = 15.0.28307.539
MinimumVisualStudioVersion = 10.0.40219.1
Project("{FAE04EC0-301F-11D3-BF4B-00C04F79EFBC}") = "Login_teste", "Login_teste\Login_teste.csproj", "{9A18A381-5869-4F80-8C35-B157CD6D2D11}"
EndProject
Global
	GlobalSection(SolutionConfigurationPlatforms) = preSolution
		Debug|Any CPU = Debug|Any CPU
		Release|Any CPU = Release|Any CPU
	EndGlobalSection
	GlobalSection(ProjectConfigurationPlatforms) = postSolution
		{9A18A381-5869-4F80-8C35-B157CD6D2D11}.Debug|Any CPU.ActiveCfg = Debug|Any CPU
		{9A18A381-5869-4F80-8C35-B157CD6D2D11}.Debug|Any CPU.Build.0 = Debug|Any CPU
		{9A18A381-5869-4F80-8C35-B157CD6D2D11}.Release|Any CPU.ActiveCfg = Release|Any CPU
		{9A18A381-5869-4F80-8C35-B157CD6D2D11}.Release|Any CPU.Build.0 = Release|Any CPU
	EndGlobalSection
	GlobalSection(SolutionProperties) = preSolution
		HideSolutionNode = FALSE
	EndGlobalSection
	GlobalSection(ExtensibilityGlobals) = postSolution
		SolutionGuid = {EDC98367-7E7F-4BF1-92C8-66CF19A33B94}
	EndGlobalSection
EndGlobal
